
Microsoft Visual Studio Solution File, Format Version 12.00
# Visual Studio Version 17
VisualStudioVersion = 17.13.35913.81 d17.13
MinimumVisualStudioVersion = 10.0.40219.1
Project("{FAE04EC0-301F-11D3-BF4B-00C04F79EFBC}") = "ServidorProducto", "EjemploClienteServidor\ServidorProducto.csproj", "{3491380B-DC33-4AE1-984C-58D551C848AB}"
EndProject
Project("{FAE04EC0-301F-11D3-BF4B-00C04F79EFBC}") = "ClienteProducto", "ClienteProducto\ClienteProducto.csproj", "{5FEC5D85-43EE-4786-B25E-F189EAB056D2}"
EndProject
Global
	GlobalSection(SolutionConfigurationPlatforms) = preSolution
		Debug|Any CPU = Debug|Any CPU
		Release|Any CPU = Release|Any CPU
	EndGlobalSection
	GlobalSection(ProjectConfigurationPlatforms) = postSolution
		{3491380B-DC33-4AE1-984C-58D551C848AB}.Debug|Any CPU.ActiveCfg = Debug|Any CPU
		{3491380B-DC33-4AE1-984C-58D551C848AB}.Debug|Any CPU.Build.0 = Debug|Any CPU
		{3491380B-DC33-4AE1-984C-58D551C848AB}.Release|Any CPU.ActiveCfg = Release|Any CPU
		{3491380B-DC33-4AE1-984C-58D551C848AB}.Release|Any CPU.Build.0 = Release|Any CPU
		{5FEC5D85-43EE-4786-B25E-F189EAB056D2}.Debug|Any CPU.ActiveCfg = Debug|Any CPU
		{5FEC5D85-43EE-4786-B25E-F189EAB056D2}.Debug|Any CPU.Build.0 = Debug|Any CPU
		{5FEC5D85-43EE-4786-B25E-F189EAB056D2}.Release|Any CPU.ActiveCfg = Release|Any CPU
		{5FEC5D85-43EE-4786-B25E-F189EAB056D2}.Release|Any CPU.Build.0 = Release|Any CPU
	EndGlobalSection
	GlobalSection(SolutionProperties) = preSolution
		HideSolutionNode = FALSE
	EndGlobalSection
	GlobalSection(ExtensibilityGlobals) = postSolution
		SolutionGuid = {6E1E38D1-750F-4E68-AD86-5FFD0F832F0E}
	EndGlobalSection
EndGlobal
